
Microsoft Visual Studio Solution File, Format Version 12.00
# Visual Studio Version 16
VisualStudioVersion = 25.0.1704.2
MinimumVisualStudioVersion = 10.0.40219.1
Project("{FAE04EC0-301F-11D3-BF4B-00C04F79EFBC}") = "task-test", "task-test.csproj", "{60B8580E-5540-4D69-B82A-B5CFA9F88ADC}"
EndProject
Global
	GlobalSection(SolutionConfigurationPlatforms) = preSolution
		Debug|Any CPU = Debug|Any CPU
		Release|Any CPU = Release|Any CPU
	EndGlobalSection
	GlobalSection(ProjectConfigurationPlatforms) = postSolution
		{60B8580E-5540-4D69-B82A-B5CFA9F88ADC}.Debug|Any CPU.ActiveCfg = Debug|Any CPU
		{60B8580E-5540-4D69-B82A-B5CFA9F88ADC}.Debug|Any CPU.Build.0 = Debug|Any CPU
		{60B8580E-5540-4D69-B82A-B5CFA9F88ADC}.Release|Any CPU.ActiveCfg = Release|Any CPU
		{60B8580E-5540-4D69-B82A-B5CFA9F88ADC}.Release|Any CPU.Build.0 = Release|Any CPU
	EndGlobalSection
	GlobalSection(SolutionProperties) = preSolution
		HideSolutionNode = FALSE
	EndGlobalSection
	GlobalSection(ExtensibilityGlobals) = postSolution
		SolutionGuid = {2BEA43F9-65E1-4CC8-A9D7-4BF229662AA9}
	EndGlobalSection
EndGlobal
